
Microsoft Visual Studio Solution File, Format Version 12.00
# Visual Studio 15
VisualStudioVersion = 15.0.28307.489
MinimumVisualStudioVersion = 10.0.40219.1
Project("{8BC9CEB8-8B4A-11D0-8D11-00A0C91BC942}") = "d2dlib", "d2dlib\d2dlib.vcxproj", "{E0A71FCE-69DD-40A6-87FB-2D63AB5D25C9}"
EndProject
Project("{FAE04EC0-301F-11D3-BF4B-00C04F79EFBC}") = "D2DLibExport", "D2DLibExport\D2DLibExport.csproj", "{81DD53D8-FCF0-4384-A931-9370FA8E8E67}"
EndProject
Project("{FAE04EC0-301F-11D3-BF4B-00C04F79EFBC}") = "D2DLibExportWinForm", "D2DLibExportWinForm\D2DLibExportWinForm.csproj", "{40ED2809-ABA2-4655-82DD-E38AD12138BB}"
EndProject
Project("{FAE04EC0-301F-11D3-BF4B-00C04F79EFBC}") = "Examples", "Examples\Examples.csproj", "{D653531B-D30C-4A20-8AE5-D46A6F03E274}"
EndProject
Project("{2150E333-8FDC-42A3-9474-1A3956D46DE8}") = "Solution Items", "Solution Items", "{EF3FC267-D558-4556-8E8E-16BA7C52BDA3}"
	ProjectSection(SolutionItems) = preProject
		..\snapshots\bitmap_rendering.png = ..\snapshots\bitmap_rendering.png
		..\snapshots\imagetest.png = ..\snapshots\imagetest.png
		..\LICENSE = ..\LICENSE
		..\README.md = ..\README.md
		..\snapshots\starspace.png = ..\snapshots\starspace.png
		..\snapshots\subtitle.png = ..\snapshots\subtitle.png
		..\snapshots\whiteboard.png = ..\snapshots\whiteboard.png
	EndProjectSection
EndProject
Project("{2150E333-8FDC-42A3-9474-1A3956D46DE8}") = "snapshots", "snapshots", "{F362F889-0287-4377-A211-440C9871FDA6}"
	ProjectSection(SolutionItems) = preProject
		..\snapshots\bitmap_rendering.png = ..\snapshots\bitmap_rendering.png
		..\snapshots\imagetest.png = ..\snapshots\imagetest.png
		..\snapshots\starspace.png = ..\snapshots\starspace.png
		..\snapshots\subtitle.png = ..\snapshots\subtitle.png
		..\snapshots\whiteboard.png = ..\snapshots\whiteboard.png
	EndProjectSection
EndProject
Global
	GlobalSection(SolutionConfigurationPlatforms) = preSolution
		Debug|x64 = Debug|x64
		Debug|x86 = Debug|x86
		Release|x64 = Release|x64
		Release|x86 = Release|x86
	EndGlobalSection
	GlobalSection(ProjectConfigurationPlatforms) = postSolution
		{E0A71FCE-69DD-40A6-87FB-2D63AB5D25C9}.Debug|x64.ActiveCfg = Debug|x64
		{E0A71FCE-69DD-40A6-87FB-2D63AB5D25C9}.Debug|x86.ActiveCfg = Debug|Win32
		{E0A71FCE-69DD-40A6-87FB-2D63AB5D25C9}.Debug|x86.Build.0 = Debug|Win32
		{E0A71FCE-69DD-40A6-87FB-2D63AB5D25C9}.Release|x64.ActiveCfg = Release|Win32
		{E0A71FCE-69DD-40A6-87FB-2D63AB5D25C9}.Release|x86.ActiveCfg = Release|Win32
		{E0A71FCE-69DD-40A6-87FB-2D63AB5D25C9}.Release|x86.Build.0 = Release|Win32
		{81DD53D8-FCF0-4384-A931-9370FA8E8E67}.Debug|x64.ActiveCfg = Debug|Any CPU
		{81DD53D8-FCF0-4384-A931-9370FA8E8E67}.Debug|x86.ActiveCfg = Debug|x86
		{81DD53D8-FCF0-4384-A931-9370FA8E8E67}.Debug|x86.Build.0 = Debug|x86
		{81DD53D8-FCF0-4384-A931-9370FA8E8E67}.Release|x64.ActiveCfg = Release|Any CPU
		{81DD53D8-FCF0-4384-A931-9370FA8E8E67}.Release|x86.ActiveCfg = Release|x86
		{81DD53D8-FCF0-4384-A931-9370FA8E8E67}.Release|x86.Build.0 = Release|x86
		{40ED2809-ABA2-4655-82DD-E38AD12138BB}.Debug|x64.ActiveCfg = Debug|Any CPU
		{40ED2809-ABA2-4655-82DD-E38AD12138BB}.Debug|x86.ActiveCfg = Debug|x86
		{40ED2809-ABA2-4655-82DD-E38AD12138BB}.Debug|x86.Build.0 = Debug|x86
		{40ED2809-ABA2-4655-82DD-E38AD12138BB}.Release|x64.ActiveCfg = Release|Any CPU
		{40ED2809-ABA2-4655-82DD-E38AD12138BB}.Release|x86.ActiveCfg = Release|x86
		{40ED2809-ABA2-4655-82DD-E38AD12138BB}.Release|x86.Build.0 = Release|x86
		{D653531B-D30C-4A20-8AE5-D46A6F03E274}.Debug|x64.ActiveCfg = Debug|Any CPU
		{D653531B-D30C-4A20-8AE5-D46A6F03E274}.Debug|x64.Build.0 = Debug|Any CPU
		{D653531B-D30C-4A20-8AE5-D46A6F03E274}.Debug|x86.ActiveCfg = Debug|x86
		{D653531B-D30C-4A20-8AE5-D46A6F03E274}.Debug|x86.Build.0 = Debug|x86
		{D653531B-D30C-4A20-8AE5-D46A6F03E274}.Release|x64.ActiveCfg = Release|Any CPU
		{D653531B-D30C-4A20-8AE5-D46A6F03E274}.Release|x64.Build.0 = Release|Any CPU
		{D653531B-D30C-4A20-8AE5-D46A6F03E274}.Release|x86.ActiveCfg = Release|x86
		{D653531B-D30C-4A20-8AE5-D46A6F03E274}.Release|x86.Build.0 = Release|x86
	EndGlobalSection
	GlobalSection(SolutionProperties) = preSolution
		HideSolutionNode = FALSE
	EndGlobalSection
	GlobalSection(NestedProjects) = preSolution
		{F362F889-0287-4377-A211-440C9871FDA6} = {EF3FC267-D558-4556-8E8E-16BA7C52BDA3}
	EndGlobalSection
	GlobalSection(ExtensibilityGlobals) = postSolution
		SolutionGuid = {8378FC56-2AD6-4CD9-9E58-7AA5AB6CB7BC}
	EndGlobalSection
EndGlobal
